
Microsoft Visual Studio Solution File, Format Version 12.00
# Visual Studio Version 16
VisualStudioVersion = 16.0.30320.27
MinimumVisualStudioVersion = 10.0.40219.1
Project("{FAE04EC0-301F-11D3-BF4B-00C04F79EFBC}") = "SalesWebMvc", "SalesWebMvc\SalesWebMvc.csproj", "{D885BE81-4FE7-4AAF-82B7-A148D6531C56}"
EndProject
Global
	GlobalSection(SolutionConfigurationPlatforms) = preSolution
		Debug|Any CPU = Debug|Any CPU
		Release|Any CPU = Release|Any CPU
	EndGlobalSection
	GlobalSection(ProjectConfigurationPlatforms) = postSolution
		{D885BE81-4FE7-4AAF-82B7-A148D6531C56}.Debug|Any CPU.ActiveCfg = Debug|Any CPU
		{D885BE81-4FE7-4AAF-82B7-A148D6531C56}.Debug|Any CPU.Build.0 = Debug|Any CPU
		{D885BE81-4FE7-4AAF-82B7-A148D6531C56}.Release|Any CPU.ActiveCfg = Release|Any CPU
		{D885BE81-4FE7-4AAF-82B7-A148D6531C56}.Release|Any CPU.Build.0 = Release|Any CPU
	EndGlobalSection
	GlobalSection(SolutionProperties) = preSolution
		HideSolutionNode = FALSE
	EndGlobalSection
	GlobalSection(ExtensibilityGlobals) = postSolution
		SolutionGuid = {84FD649E-E2F1-49BC-A3AF-076BBB420BDF}
	EndGlobalSection
EndGlobal
